
Microsoft Visual Studio Solution File, Format Version 12.00
# Visual Studio Version 16
VisualStudioVersion = 16.0.32126.315
MinimumVisualStudioVersion = 10.0.40219.1
Project("{FAE04EC0-301F-11D3-BF4B-00C04F79EFBC}") = "原田車両設計電池パック制御ユニット PCアプリケーション", "原田車両設計電池パック制御ユニット PCアプリケーション\原田車両設計電池パック制御ユニット PCアプリケーション.csproj", "{3870250E-E9B4-4707-8162-0482D5934389}"
EndProject
Global
	GlobalSection(SolutionConfigurationPlatforms) = preSolution
		Debug|Any CPU = Debug|Any CPU
		Release|Any CPU = Release|Any CPU
	EndGlobalSection
	GlobalSection(ProjectConfigurationPlatforms) = postSolution
		{3870250E-E9B4-4707-8162-0482D5934389}.Debug|Any CPU.ActiveCfg = Debug|Any CPU
		{3870250E-E9B4-4707-8162-0482D5934389}.Debug|Any CPU.Build.0 = Debug|Any CPU
		{3870250E-E9B4-4707-8162-0482D5934389}.Release|Any CPU.ActiveCfg = Release|Any CPU
		{3870250E-E9B4-4707-8162-0482D5934389}.Release|Any CPU.Build.0 = Release|Any CPU
	EndGlobalSection
	GlobalSection(SolutionProperties) = preSolution
		HideSolutionNode = FALSE
	EndGlobalSection
	GlobalSection(ExtensibilityGlobals) = postSolution
		SolutionGuid = {FEEA74B5-E244-40A1-A7ED-7A58656CC22C}
	EndGlobalSection
EndGlobal
